
Microsoft Visual Studio Solution File, Format Version 12.00
# Visual Studio Version 17
VisualStudioVersion = 17.5.33516.290
MinimumVisualStudioVersion = 10.0.40219.1
Project("{FAE04EC0-301F-11D3-BF4B-00C04F79EFBC}") = "DemoFileUplode", "DemoFileUplode\DemoFileUplode.csproj", "{882685F7-7564-41F9-A450-1AFA8DABF392}"
EndProject
Global
	GlobalSection(SolutionConfigurationPlatforms) = preSolution
		Debug|Any CPU = Debug|Any CPU
		Release|Any CPU = Release|Any CPU
	EndGlobalSection
	GlobalSection(ProjectConfigurationPlatforms) = postSolution
		{882685F7-7564-41F9-A450-1AFA8DABF392}.Debug|Any CPU.ActiveCfg = Debug|Any CPU
		{882685F7-7564-41F9-A450-1AFA8DABF392}.Debug|Any CPU.Build.0 = Debug|Any CPU
		{882685F7-7564-41F9-A450-1AFA8DABF392}.Release|Any CPU.ActiveCfg = Release|Any CPU
		{882685F7-7564-41F9-A450-1AFA8DABF392}.Release|Any CPU.Build.0 = Release|Any CPU
	EndGlobalSection
	GlobalSection(SolutionProperties) = preSolution
		HideSolutionNode = FALSE
	EndGlobalSection
	GlobalSection(ExtensibilityGlobals) = postSolution
		SolutionGuid = {C0AB990B-3A84-44EB-9FF8-BB324FCC92FF}
	EndGlobalSection
EndGlobal
